# This file is automatically @generated by Cargo.
# It is not intended for manual editing.
version = 3

[[package]]
name = "deserialize"
version = "0.1.0"

[[package]]
name = "lowest_common_ancestor"
version = "0.1.0"

[[package]]
name = "min_stairs_cost"
version = "0.1.0"

[[package]]
name = "robber"
version = "0.1.0"
